
Microsoft Visual Studio Solution File, Format Version 12.00
# Visual Studio Version 17
VisualStudioVersion = 17.0.31903.59
MinimumVisualStudioVersion = 10.0.40219.1
Project("{FAE04EC0-301F-11D3-BF4B-00C04F79EFBC}") = "FileHub.Web", "FileHub.Web\FileHub.Web.csproj", "{B3F70AFF-D32F-407F-AA67-7B7EBE8E6020}"
EndProject
Project("{FAE04EC0-301F-11D3-BF4B-00C04F79EFBC}") = "FileHub.Application", "FileHub.Application\FileHub.Application.csproj", "{E5C94069-FAAA-44F2-BECF-D2CDD705A7B8}"
EndProject
Project("{FAE04EC0-301F-11D3-BF4B-00C04F79EFBC}") = "FileHub.Core", "FileHub.Core\FileHub.Core.csproj", "{B5278C7A-B0E9-4777-8EE2-68FD9348C87D}"
EndProject
Project("{FAE04EC0-301F-11D3-BF4B-00C04F79EFBC}") = "FileHub.Application.Tests", "FileHub.Tests\FileHub.Application.Tests\FileHub.Application.Tests.csproj", "{0D85E0EC-E1F1-4010-BA1A-06844FA68CE5}"
EndProject
Project("{FAE04EC0-301F-11D3-BF4B-00C04F79EFBC}") = "FileHub.Web.Tests", "FileHub.Tests\FileHub.Web.Tests\FileHub.Web.Tests.csproj", "{D366260A-8B5E-427F-9A1A-F5261DA9E0BB}"
EndProject
Project("{FAE04EC0-301F-11D3-BF4B-00C04F79EFBC}") = "FileHub.Core.Tests", "FileHub.Tests\FileHub.Core.Tests\FileHub.Core.Tests.csproj", "{DB5C52F2-045C-4986-B0FE-38594D1D91D5}"
EndProject
Project("{FAE04EC0-301F-11D3-BF4B-00C04F79EFBC}") = "FileHub.Data", "FileHub.Data\FileHub.Data.csproj", "{2362E982-39E1-40B6-BE54-9AC5FD66933F}"
EndProject
Project("{FAE04EC0-301F-11D3-BF4B-00C04F79EFBC}") = "FileHub.Storage", "FileHub.Storage\FileHub.Storage.csproj", "{8DCADCB8-81F0-4EC7-97B6-0CC7B55B1608}"
EndProject
Project("{FAE04EC0-301F-11D3-BF4B-00C04F79EFBC}") = "FileHub.Application.Abstractions", "FileHub.Application.Abstractions\FileHub.Application.Abstractions.csproj", "{DEF90D75-4B21-4DD8-8475-AB3532E99B09}"
EndProject
Project("{FAE04EC0-301F-11D3-BF4B-00C04F79EFBC}") = "FileHub.Data.Tests", "FileHub.Tests\FileHub.Data.Tests\FileHub.Data.Tests.csproj", "{C8506D45-03A9-4F47-B4C4-92058ED4BEBA}"
EndProject
Project("{FAE04EC0-301F-11D3-BF4B-00C04F79EFBC}") = "FileHub.Tests.Analyzers", "FileHub.Tests\FileHub.Tests.Analyzers\FileHub.Tests.Analyzers.csproj", "{80E6ED7D-1BE0-4F5E-93A7-016A0BE7E0D9}"
EndProject
Project("{FAE04EC0-301F-11D3-BF4B-00C04F79EFBC}") = "FileHub.Tests.Common", "FileHub.Tests\FileHub.Tests.Common\FileHub.Tests.Common.csproj", "{30C63F52-413C-45B2-901F-A19D20539E5F}"
EndProject
Project("{2150E333-8FDC-42A3-9474-1A3956D46DE8}") = "FileHub.Tests", "FileHub.Tests", "{952A0027-71B2-4574-8FA9-3A626FF5B627}"
EndProject
Project("{FAE04EC0-301F-11D3-BF4B-00C04F79EFBC}") = "FileHub.Storage.Tests", "FileHub.Tests\FileHub.Storage.Tests\FileHub.Storage.Tests.csproj", "{7A02485E-373A-43DD-9FBB-BF967744EA45}"
EndProject
Project("{FAE04EC0-301F-11D3-BF4B-00C04F79EFBC}") = "FileHub.Utilities", "FileHub.Utilities\FileHub.Utilities.csproj", "{CB451296-06A7-4CC5-BD45-2F779D83351C}"
EndProject
Project("{FAE04EC0-301F-11D3-BF4B-00C04F79EFBC}") = "FileHub.Utilities.Tests", "FileHub.Tests\FileHub.Utilities.Tests\FileHub.Utilities.Tests.csproj", "{C99CFD2F-33C5-4191-BBEB-E893CC64620F}"
EndProject
Project("{FAE04EC0-301F-11D3-BF4B-00C04F79EFBC}") = "FileHub.Tests.Seeder", "FileHub.Tests\FileHub.Tests.Seeder\FileHub.Tests.Seeder.csproj", "{42FF3E33-6C33-4A9F-83BF-9519E2598920}"
EndProject
Project("{FAE04EC0-301F-11D3-BF4B-00C04F79EFBC}") = "FileHub.API.Tests", "FileHub.Tests\FileHub.API.Tests\FileHub.API.Tests.csproj", "{D23A9D21-3D7B-42A4-AD76-C3C0DCD051EB}"
EndProject
Global
	GlobalSection(SolutionConfigurationPlatforms) = preSolution
		Debug|Any CPU = Debug|Any CPU
		Release|Any CPU = Release|Any CPU
	EndGlobalSection
	GlobalSection(SolutionProperties) = preSolution
		HideSolutionNode = FALSE
	EndGlobalSection
	GlobalSection(ProjectConfigurationPlatforms) = postSolution
		{B3F70AFF-D32F-407F-AA67-7B7EBE8E6020}.Debug|Any CPU.ActiveCfg = Debug|Any CPU
		{B3F70AFF-D32F-407F-AA67-7B7EBE8E6020}.Debug|Any CPU.Build.0 = Debug|Any CPU
		{B3F70AFF-D32F-407F-AA67-7B7EBE8E6020}.Release|Any CPU.ActiveCfg = Release|Any CPU
		{B3F70AFF-D32F-407F-AA67-7B7EBE8E6020}.Release|Any CPU.Build.0 = Release|Any CPU
		{E5C94069-FAAA-44F2-BECF-D2CDD705A7B8}.Debug|Any CPU.ActiveCfg = Debug|Any CPU
		{E5C94069-FAAA-44F2-BECF-D2CDD705A7B8}.Debug|Any CPU.Build.0 = Debug|Any CPU
		{E5C94069-FAAA-44F2-BECF-D2CDD705A7B8}.Release|Any CPU.ActiveCfg = Release|Any CPU
		{E5C94069-FAAA-44F2-BECF-D2CDD705A7B8}.Release|Any CPU.Build.0 = Release|Any CPU
		{B5278C7A-B0E9-4777-8EE2-68FD9348C87D}.Debug|Any CPU.ActiveCfg = Debug|Any CPU
		{B5278C7A-B0E9-4777-8EE2-68FD9348C87D}.Debug|Any CPU.Build.0 = Debug|Any CPU
		{B5278C7A-B0E9-4777-8EE2-68FD9348C87D}.Release|Any CPU.ActiveCfg = Release|Any CPU
		{B5278C7A-B0E9-4777-8EE2-68FD9348C87D}.Release|Any CPU.Build.0 = Release|Any CPU
		{0D85E0EC-E1F1-4010-BA1A-06844FA68CE5}.Debug|Any CPU.ActiveCfg = Debug|Any CPU
		{0D85E0EC-E1F1-4010-BA1A-06844FA68CE5}.Debug|Any CPU.Build.0 = Debug|Any CPU
		{0D85E0EC-E1F1-4010-BA1A-06844FA68CE5}.Release|Any CPU.ActiveCfg = Release|Any CPU
		{0D85E0EC-E1F1-4010-BA1A-06844FA68CE5}.Release|Any CPU.Build.0 = Release|Any CPU
		{D366260A-8B5E-427F-9A1A-F5261DA9E0BB}.Debug|Any CPU.ActiveCfg = Debug|Any CPU
		{D366260A-8B5E-427F-9A1A-F5261DA9E0BB}.Debug|Any CPU.Build.0 = Debug|Any CPU
		{D366260A-8B5E-427F-9A1A-F5261DA9E0BB}.Release|Any CPU.ActiveCfg = Release|Any CPU
		{D366260A-8B5E-427F-9A1A-F5261DA9E0BB}.Release|Any CPU.Build.0 = Release|Any CPU
		{DB5C52F2-045C-4986-B0FE-38594D1D91D5}.Debug|Any CPU.ActiveCfg = Debug|Any CPU
		{DB5C52F2-045C-4986-B0FE-38594D1D91D5}.Debug|Any CPU.Build.0 = Debug|Any CPU
		{DB5C52F2-045C-4986-B0FE-38594D1D91D5}.Release|Any CPU.ActiveCfg = Release|Any CPU
		{DB5C52F2-045C-4986-B0FE-38594D1D91D5}.Release|Any CPU.Build.0 = Release|Any CPU
		{2362E982-39E1-40B6-BE54-9AC5FD66933F}.Debug|Any CPU.ActiveCfg = Debug|Any CPU
		{2362E982-39E1-40B6-BE54-9AC5FD66933F}.Debug|Any CPU.Build.0 = Debug|Any CPU
		{2362E982-39E1-40B6-BE54-9AC5FD66933F}.Release|Any CPU.ActiveCfg = Release|Any CPU
		{2362E982-39E1-40B6-BE54-9AC5FD66933F}.Release|Any CPU.Build.0 = Release|Any CPU
		{8DCADCB8-81F0-4EC7-97B6-0CC7B55B1608}.Debug|Any CPU.ActiveCfg = Debug|Any CPU
		{8DCADCB8-81F0-4EC7-97B6-0CC7B55B1608}.Debug|Any CPU.Build.0 = Debug|Any CPU
		{8DCADCB8-81F0-4EC7-97B6-0CC7B55B1608}.Release|Any CPU.ActiveCfg = Release|Any CPU
		{8DCADCB8-81F0-4EC7-97B6-0CC7B55B1608}.Release|Any CPU.Build.0 = Release|Any CPU
		{DEF90D75-4B21-4DD8-8475-AB3532E99B09}.Debug|Any CPU.ActiveCfg = Debug|Any CPU
		{DEF90D75-4B21-4DD8-8475-AB3532E99B09}.Debug|Any CPU.Build.0 = Debug|Any CPU
		{DEF90D75-4B21-4DD8-8475-AB3532E99B09}.Release|Any CPU.ActiveCfg = Release|Any CPU
		{DEF90D75-4B21-4DD8-8475-AB3532E99B09}.Release|Any CPU.Build.0 = Release|Any CPU
		{C8506D45-03A9-4F47-B4C4-92058ED4BEBA}.Debug|Any CPU.ActiveCfg = Debug|Any CPU
		{C8506D45-03A9-4F47-B4C4-92058ED4BEBA}.Debug|Any CPU.Build.0 = Debug|Any CPU
		{C8506D45-03A9-4F47-B4C4-92058ED4BEBA}.Release|Any CPU.ActiveCfg = Release|Any CPU
		{C8506D45-03A9-4F47-B4C4-92058ED4BEBA}.Release|Any CPU.Build.0 = Release|Any CPU
		{80E6ED7D-1BE0-4F5E-93A7-016A0BE7E0D9}.Debug|Any CPU.ActiveCfg = Debug|Any CPU
		{80E6ED7D-1BE0-4F5E-93A7-016A0BE7E0D9}.Debug|Any CPU.Build.0 = Debug|Any CPU
		{80E6ED7D-1BE0-4F5E-93A7-016A0BE7E0D9}.Release|Any CPU.ActiveCfg = Release|Any CPU
		{80E6ED7D-1BE0-4F5E-93A7-016A0BE7E0D9}.Release|Any CPU.Build.0 = Release|Any CPU
		{30C63F52-413C-45B2-901F-A19D20539E5F}.Debug|Any CPU.ActiveCfg = Debug|Any CPU
		{30C63F52-413C-45B2-901F-A19D20539E5F}.Debug|Any CPU.Build.0 = Debug|Any CPU
		{30C63F52-413C-45B2-901F-A19D20539E5F}.Release|Any CPU.ActiveCfg = Release|Any CPU
		{30C63F52-413C-45B2-901F-A19D20539E5F}.Release|Any CPU.Build.0 = Release|Any CPU
		{7A02485E-373A-43DD-9FBB-BF967744EA45}.Debug|Any CPU.ActiveCfg = Debug|Any CPU
		{7A02485E-373A-43DD-9FBB-BF967744EA45}.Debug|Any CPU.Build.0 = Debug|Any CPU
		{7A02485E-373A-43DD-9FBB-BF967744EA45}.Release|Any CPU.ActiveCfg = Release|Any CPU
		{7A02485E-373A-43DD-9FBB-BF967744EA45}.Release|Any CPU.Build.0 = Release|Any CPU
		{CB451296-06A7-4CC5-BD45-2F779D83351C}.Debug|Any CPU.ActiveCfg = Debug|Any CPU
		{CB451296-06A7-4CC5-BD45-2F779D83351C}.Debug|Any CPU.Build.0 = Debug|Any CPU
		{CB451296-06A7-4CC5-BD45-2F779D83351C}.Release|Any CPU.ActiveCfg = Release|Any CPU
		{CB451296-06A7-4CC5-BD45-2F779D83351C}.Release|Any CPU.Build.0 = Release|Any CPU
		{C99CFD2F-33C5-4191-BBEB-E893CC64620F}.Debug|Any CPU.ActiveCfg = Debug|Any CPU
		{C99CFD2F-33C5-4191-BBEB-E893CC64620F}.Debug|Any CPU.Build.0 = Debug|Any CPU
		{C99CFD2F-33C5-4191-BBEB-E893CC64620F}.Release|Any CPU.ActiveCfg = Release|Any CPU
		{C99CFD2F-33C5-4191-BBEB-E893CC64620F}.Release|Any CPU.Build.0 = Release|Any CPU
		{42FF3E33-6C33-4A9F-83BF-9519E2598920}.Debug|Any CPU.ActiveCfg = Debug|Any CPU
		{42FF3E33-6C33-4A9F-83BF-9519E2598920}.Debug|Any CPU.Build.0 = Debug|Any CPU
		{42FF3E33-6C33-4A9F-83BF-9519E2598920}.Release|Any CPU.ActiveCfg = Release|Any CPU
		{42FF3E33-6C33-4A9F-83BF-9519E2598920}.Release|Any CPU.Build.0 = Release|Any CPU
		{D23A9D21-3D7B-42A4-AD76-C3C0DCD051EB}.Debug|Any CPU.ActiveCfg = Debug|Any CPU
		{D23A9D21-3D7B-42A4-AD76-C3C0DCD051EB}.Debug|Any CPU.Build.0 = Debug|Any CPU
		{D23A9D21-3D7B-42A4-AD76-C3C0DCD051EB}.Release|Any CPU.ActiveCfg = Release|Any CPU
		{D23A9D21-3D7B-42A4-AD76-C3C0DCD051EB}.Release|Any CPU.Build.0 = Release|Any CPU
	EndGlobalSection
	GlobalSection(NestedProjects) = preSolution
		{C8506D45-03A9-4F47-B4C4-92058ED4BEBA} = {952A0027-71B2-4574-8FA9-3A626FF5B627}
		{DB5C52F2-045C-4986-B0FE-38594D1D91D5} = {952A0027-71B2-4574-8FA9-3A626FF5B627}
		{80E6ED7D-1BE0-4F5E-93A7-016A0BE7E0D9} = {952A0027-71B2-4574-8FA9-3A626FF5B627}
		{30C63F52-413C-45B2-901F-A19D20539E5F} = {952A0027-71B2-4574-8FA9-3A626FF5B627}
		{D366260A-8B5E-427F-9A1A-F5261DA9E0BB} = {952A0027-71B2-4574-8FA9-3A626FF5B627}
		{0D85E0EC-E1F1-4010-BA1A-06844FA68CE5} = {952A0027-71B2-4574-8FA9-3A626FF5B627}
		{7A02485E-373A-43DD-9FBB-BF967744EA45} = {952A0027-71B2-4574-8FA9-3A626FF5B627}
		{C99CFD2F-33C5-4191-BBEB-E893CC64620F} = {952A0027-71B2-4574-8FA9-3A626FF5B627}
		{42FF3E33-6C33-4A9F-83BF-9519E2598920} = {952A0027-71B2-4574-8FA9-3A626FF5B627}
		{D23A9D21-3D7B-42A4-AD76-C3C0DCD051EB} = {952A0027-71B2-4574-8FA9-3A626FF5B627}
	EndGlobalSection
EndGlobal
